
Microsoft Visual Studio Solution File, Format Version 12.00
# Visual Studio 15
VisualStudioVersion = 15.0.28307.489
MinimumVisualStudioVersion = 10.0.40219.1
Project("{FAE04EC0-301F-11D3-BF4B-00C04F79EFBC}") = "DPT_WPF", "DPT_WPF\DPT_WPF.csproj", "{07754FA1-B922-41FC-9A22-DD8FB3E31F91}"
EndProject
Global
	GlobalSection(SolutionConfigurationPlatforms) = preSolution
		Debug|Any CPU = Debug|Any CPU
		Release|Any CPU = Release|Any CPU
	EndGlobalSection
	GlobalSection(ProjectConfigurationPlatforms) = postSolution
		{07754FA1-B922-41FC-9A22-DD8FB3E31F91}.Debug|Any CPU.ActiveCfg = Debug|Any CPU
		{07754FA1-B922-41FC-9A22-DD8FB3E31F91}.Debug|Any CPU.Build.0 = Debug|Any CPU
		{07754FA1-B922-41FC-9A22-DD8FB3E31F91}.Release|Any CPU.ActiveCfg = Release|Any CPU
		{07754FA1-B922-41FC-9A22-DD8FB3E31F91}.Release|Any CPU.Build.0 = Release|Any CPU
	EndGlobalSection
	GlobalSection(SolutionProperties) = preSolution
		HideSolutionNode = FALSE
	EndGlobalSection
	GlobalSection(ExtensibilityGlobals) = postSolution
		SolutionGuid = {1BC435FD-3DA3-4EAB-BEEA-46FDA70CA240}
	EndGlobalSection
EndGlobal
